// !$*UTF8*$!
{
	archiveVersion = 1;
	classes = {
	};
	objectVersion = 46;
	objects = {

/* Begin PBXBuildFile section */
		337C77F31E144F3E00F81CE8 /* AppDelegate.swift in Sources */ = {isa = PBXBuildFile; fileRef = 337C77F21E144F3E00F81CE8 /* AppDelegate.swift */; };
		337C77F51E144F3E00F81CE8 /* ViewController.swift in Sources */ = {isa = PBXBuildFile; fileRef = 337C77F41E144F3E00F81CE8 /* ViewController.swift */; };
		337C77F81E144F3E00F81CE8 /* Main.storyboard in Resources */ = {isa = PBXBuildFile; fileRef = 337C77F61E144F3E00F81CE8 /* Main.storyboard */; };
		337C77FA1E144F3E00F81CE8 /* Assets.xcassets in Resources */ = {isa = PBXBuildFile; fileRef = 337C77F91E144F3E00F81CE8 /* Assets.xcassets */; };
		337C77FD1E144F3E00F81CE8 /* LaunchScreen.storyboard in Resources */ = {isa = PBXBuildFile; fileRef = 337C77FB1E144F3E00F81CE8 /* LaunchScreen.storyboard */; };
		337C78081E144F3E00F81CE8 /* Mirical_Pills_app_1Tests.swift in Sources */ = {isa = PBXBuildFile; fileRef = 337C78071E144F3E00F81CE8 /* Mirical_Pills_app_1Tests.swift */; };
		337C78131E144F3E00F81CE8 /* Mirical_Pills_app_1UITests.swift in Sources */ = {isa = PBXBuildFile; fileRef = 337C78121E144F3E00F81CE8 /* Mirical_Pills_app_1UITests.swift */; };
		33FA1ECD1E148B1B00CD8268 /* Default-568h@2x.png in Resources */ = {isa = PBXBuildFile; fileRef = 33FA1ECC1E148B1B00CD8268 /* Default-568h@2x.png */; };
/* End PBXBuildFile section */

/* Begin PBXContainerItemProxy section */
		337C78041E144F3E00F81CE8 /* PBXContainerItemProxy */ = {
			isa = PBXContainerItemProxy;
			containerPortal = 337C77E71E144F3D00F81CE8 /* Project object */;
			proxyType = 1;
			remoteGlobalIDString = 337C77EE1E144F3D00F81CE8;
			remoteInfo = "Mirical Pills app#1";
		};
		337C780F1E144F3E00F81CE8 /* PBXContainerItemProxy */ = {
			isa = PBXContainerItemProxy;
			containerPortal = 337C77E71E144F3D00F81CE8 /* Project object */;
			proxyType = 1;
			remoteGlobalIDString = 337C77EE1E144F3D00F81CE8;
			remoteInfo = "Mirical Pills app#1";
		};
/* End PBXContainerItemProxy section */

/* Begin PBXFileReference section */
		337C77EF1E144F3E00F81CE8 /* Mirical Pills app#1.app */ = {isa = PBXFileReference; explicitFileType = wrapper.application; includeInIndex = 0; path = "Mirical Pills app#1.app"; sourceTree = BUILT_PRODUCTS_DIR; };
		337C77F21E144F3E00F81CE8 /* AppDelegate.swift */ = {isa = PBXFileReference; lastKnownFileType = sourcecode.swift; path = AppDelegate.swift; sourceTree = "<group>"; };
		337C77F41E144F3E00F81CE8 /* ViewController.swift */ = {isa = PBXFileReference; lastKnownFileType = sourcecode.swift; path = ViewController.swift; sourceTree = "<group>"; };
		337C77F71E144F3E00F81CE8 /* Base */ = {isa = PBXFileReference; lastKnownFileType = file.storyboard; name = Base; path = Base.lproj/Main.storyboard; sourceTree = "<group>"; };
		337C77F91E144F3E00F81CE8 /* Assets.xcassets */ = {isa = PBXFileReference; lastKnownFileType = folder.assetcatalog; path = Assets.xcassets; sourceTree = "<group>"; };
		337C77FC1E144F3E00F81CE8 /* Base */ = {isa = PBXFileReference; lastKnownFileType = file.storyboard; name = Base; path = Base.lproj/LaunchScreen.storyboard; sourceTree = "<group>"; };
		337C77FE1E144F3E00F81CE8 /* Info.plist */ = {isa = PBXFileReference; lastKnownFileType = text.plist.xml; path = Info.plist; sourceTree = "<group>"; };
		337C78031E144F3E00F81CE8 /* Mirical Pills app#1Tests.xctest */ = {isa = PBXFileReference; explicitFileType = wrapper.cfbundle; includeInIndex = 0; path = "Mirical Pills app#1Tests.xctest"; sourceTree = BUILT_PRODUCTS_DIR; };
		337C78071E144F3E00F81CE8 /* Mirical_Pills_app_1Tests.swift */ = {isa = PBXFileReference; lastKnownFileType = sourcecode.swift; path = Mirical_Pills_app_1Tests.swift; sourceTree = "<group>"; };
		337C78091E144F3E00F81CE8 /* Info.plist */ = {isa = PBXFileReference; lastKnownFileType = text.plist.xml; path = Info.plist; sourceTree = "<group>"; };
		337C780E1E144F3E00F81CE8 /* Mirical Pills app#1UITests.xctest */ = {isa = PBXFileReference; explicitFileType = wrapper.cfbundle; includeInIndex = 0; path = "Mirical Pills app#1UITests.xctest"; sourceTree = BUILT_PRODUCTS_DIR; };
		337C78121E144F3E00F81CE8 /* Mirical_Pills_app_1UITests.swift */ = {isa = PBXFileReference; lastKnownFileType = sourcecode.swift; path = Mirical_Pills_app_1UITests.swift; sourceTree = "<group>"; };
		337C78141E144F3E00F81CE8 /* Info.plist */ = {isa = PBXFileReference; lastKnownFileType = text.plist.xml; path = Info.plist; sourceTree = "<group>"; };
		33FA1ECC1E148B1B00CD8268 /* Default-568h@2x.png */ = {isa = PBXFileReference; lastKnownFileType = image.png; path = "Default-568h@2x.png"; sourceTree = "<group>"; };
/* End PBXFileReference section */

/* Begin PBXFrameworksBuildPhase section */
		337C77EC1E144F3D00F81CE8 /* Frameworks */ = {
			isa = PBXFrameworksBuildPhase;
			buildActionMask = 2147483647;
			files = (
			);
			runOnlyForDeploymentPostprocessing = 0;
		};
		337C78001E144F3E00F81CE8 /* Frameworks */ = {
			isa = PBXFrameworksBuildPhase;
			buildActionMask = 2147483647;
			files = (
			);
			runOnlyForDeploymentPostprocessing = 0;
		};
		337C780B1E144F3E00F81CE8 /* Frameworks */ = {
			isa = PBXFrameworksBuildPhase;
			buildActionMask = 2147483647;
			files = (
			);
			runOnlyForDeploymentPostprocessing = 0;
		};
/* End PBXFrameworksBuildPhase section */

/* Begin PBXGroup section */
		337C77E61E144F3D00F81CE8 = {
			isa = PBXGroup;
			children = (
				33FA1ECC1E148B1B00CD8268 /* Default-568h@2x.png */,
				337C77F11E144F3E00F81CE8 /* Mirical Pills app#1 */,
				337C78061E144F3E00F81CE8 /* Mirical Pills app#1Tests */,
				337C78111E144F3E00F81CE8 /* Mirical Pills app#1UITests */,
				337C77F01E144F3E00F81CE8 /* Products */,
			);
			sourceTree = "<group>";
		};
		337C77F01E144F3E00F81CE8 /* Products */ = {
			isa = PBXGroup;
			children = (
				337C77EF1E144F3E00F81CE8 /* Mirical Pills app#1.app */,
				337C78031E144F3E00F81CE8 /* Mirical Pills app#1Tests.xctest */,
				337C780E1E144F3E00F81CE8 /* Mirical Pills app#1UITests.xctest */,
			);
			name = Products;
			sourceTree = "<group>";
		};
		337C77F11E144F3E00F81CE8 /* Mirical Pills app#1 */ = {
			isa = PBXGroup;
			children = (
				337C77F21E144F3E00F81CE8 /* AppDelegate.swift */,
				337C77F41E144F3E00F81CE8 /* ViewController.swift */,
				337C77F61E144F3E00F81CE8 /* Main.storyboard */,
				337C77F91E144F3E00F81CE8 /* Assets.xcassets */,
				337C77FB1E144F3E00F81CE8 /* LaunchScreen.storyboard */,
				337C77FE1E144F3E00F81CE8 /* Info.plist */,
			);
			path = "Mirical Pills app#1";
			sourceTree = "<group>";
		};
		337C78061E144F3E00F81CE8 /* Mirical Pills app#1Tests */ = {
			isa = PBXGroup;
			children = (
				337C78071E144F3E00F81CE8 /* Mirical_Pills_app_1Tests.swift */,
				337C78091E144F3E00F81CE8 /* Info.plist */,
			);
			path = "Mirical Pills app#1Tests";
			sourceTree = "<group>";
		};
		337C78111E144F3E00F81CE8 /* Mirical Pills app#1UITests */ = {
			isa = PBXGroup;
			children = (
				337C78121E144F3E00F81CE8 /* Mirical_Pills_app_1UITests.swift */,
				337C78141E144F3E00F81CE8 /* Info.plist */,
			);
			path = "Mirical Pills app#1UITests";
			sourceTree = "<group>";
		};
/* End PBXGroup section */

/* Begin PBXNativeTarget section */
		337C77EE1E144F3D00F81CE8 /* Mirical Pills app#1 */ = {
			isa = PBXNativeTarget;
			buildConfigurationList = 337C78171E144F3E00F81CE8 /* Build configuration list for PBXNativeTarget "Mirical Pills app#1" */;
			buildPhases = (
				337C77EB1E144F3D00F81CE8 /* Sources */,
				337C77EC1E144F3D00F81CE8 /* Frameworks */,
				337C77ED1E144F3D00F81CE8 /* Resources */,
			);
			buildRules = (
			);
			dependencies = (
			);
			name = "Mirical Pills app#1";
			productName = "Mirical Pills app#1";
			productReference = 337C77EF1E144F3E00F81CE8 /* Mirical Pills app#1.app */;
			productType = "com.apple.product-type.application";
		};
		337C78021E144F3E00F81CE8 /* Mirical Pills app#1Tests */ = {
			isa = PBXNativeTarget;
			buildConfigurationList = 337C781A1E144F3E00F81CE8 /* Build configuration list for PBXNativeTarget "Mirical Pills app#1Tests" */;
			buildPhases = (
				337C77FF1E144F3E00F81CE8 /* Sources */,
				337C78001E144F3E00F81CE8 /* Frameworks */,
				337C78011E144F3E00F81CE8 /* Resources */,
			);
			buildRules = (
			);
			dependencies = (
				337C78051E144F3E00F81CE8 /* PBXTargetDependency */,
			);
			name = "Mirical Pills app#1Tests";
			productName = "Mirical Pills app#1Tests";
			productReference = 337C78031E144F3E00F81CE8 /* Mirical Pills app#1Tests.xctest */;
			productType = "com.apple.product-type.bundle.unit-test";
		};
		337C780D1E144F3E00F81CE8 /* Mirical Pills app#1UITests */ = {
			isa = PBXNativeTarget;
			buildConfigurationList = 337C781D1E144F3E00F81CE8 /* Build configuration list for PBXNativeTarget "Mirical Pills app#1UITests" */;
			buildPhases = (
				337C780A1E144F3E00F81CE8 /* Sources */,
				337C780B1E144F3E00F81CE8 /* Frameworks */,
				337C780C1E144F3E00F81CE8 /* Resources */,
			);
			buildRules = (
			);
			dependencies = (
				337C78101E144F3E00F81CE8 /* PBXTargetDependency */,
			);
			name = "Mirical Pills app#1UITests";
			productName = "Mirical Pills app#1UITests";
			productReference = 337C780E1E144F3E00F81CE8 /* Mirical Pills app#1UITests.xctest */;
			productType = "com.apple.product-type.bundle.ui-testing";
		};
/* End PBXNativeTarget section */

/* Begin PBXProject section */
		337C77E71E144F3D00F81CE8 /* Project object */ = {
			isa = PBXProject;
			attributes = {
				LastSwiftUpdateCheck = 0820;
				LastUpgradeCheck = 0820;
				ORGANIZATIONNAME = "MimiCom24 Digital ";
				TargetAttributes = {
					337C77EE1E144F3D00F81CE8 = {
						CreatedOnToolsVersion = 8.2.1;
						DevelopmentTeam = KJ249GSBHK;
						ProvisioningStyle = Automatic;
					};
					337C78021E144F3E00F81CE8 = {
						CreatedOnToolsVersion = 8.2.1;
						DevelopmentTeam = KJ249GSBHK;
						ProvisioningStyle = Automatic;
						TestTargetID = 337C77EE1E144F3D00F81CE8;
					};
					337C780D1E144F3E00F81CE8 = {
						CreatedOnToolsVersion = 8.2.1;
						DevelopmentTeam = KJ249GSBHK;
						ProvisioningStyle = Automatic;
						TestTargetID = 337C77EE1E144F3D00F81CE8;
					};
				};
			};
			buildConfigurationList = 337C77EA1E144F3D00F81CE8 /* Build configuration list for PBXProject "Mirical Pills app#1" */;
			compatibilityVersion = "Xcode 3.2";
			developmentRegion = English;
			hasScannedForEncodings = 0;
			knownRegions = (
				en,
				Base,
			);
			mainGroup = 337C77E61E144F3D00F81CE8;
			productRefGroup = 337C77F01E144F3E00F81CE8 /* Products */;
			projectDirPath = "";
			projectRoot = "";
			targets = (
				337C77EE1E144F3D00F81CE8 /* Mirical Pills app#1 */,
				337C78021E144F3E00F81CE8 /* Mirical Pills app#1Tests */,
				337C780D1E144F3E00F81CE8 /* Mirical Pills app#1UITests */,
			);
		};
/* End PBXProject section */

/* Begin PBXResourcesBuildPhase section */
		337C77ED1E144F3D00F81CE8 /* Resources */ = {
			isa = PBXResourcesBuildPhase;
			buildActionMask = 2147483647;
			files = (
				337C77FD1E144F3E00F81CE8 /* LaunchScreen.storyboard in Resources */,
				33FA1ECD1E148B1B00CD8268 /* Default-568h@2x.png in Resources */,
				337C77FA1E144F3E00F81CE8 /* Assets.xcassets in Resources */,
				337C77F81E144F3E00F81CE8 /* Main.storyboard in Resources */,
			);
			runOnlyForDeploymentPostprocessing = 0;
		};
		337C78011E144F3E00F81CE8 /* Resources */ = {
			isa = PBXResourcesBuildPhase;
			buildActionMask = 2147483647;
			files = (
			);
			runOnlyForDeploymentPostprocessing = 0;
		};
		337C780C1E144F3E00F81CE8 /* Resources */ = {
			isa = PBXResourcesBuildPhase;
			buildActionMask = 2147483647;
			files = (
			);
			runOnlyForDeploymentPostprocessing = 0;
		};
/* End PBXResourcesBuildPhase section */

/* Begin PBXSourcesBuildPhase section */
		337C77EB1E144F3D00F81CE8 /* Sources */ = {
			isa = PBXSourcesBuildPhase;
			buildActionMask = 2147483647;
			files = (
				337C77F51E144F3E00F81CE8 /* ViewController.swift in Sources */,
				337C77F31E144F3E00F81CE8 /* AppDelegate.swift in Sources */,
			);
			runOnlyForDeploymentPostprocessing = 0;
		};
		337C77FF1E144F3E00F81CE8 /* Sources */ = {
			isa = PBXSourcesBuildPhase;
			buildActionMask = 2147483647;
			files = (
				337C78081E144F3E00F81CE8 /* Mirical_Pills_app_1Tests.swift in Sources */,
			);
			runOnlyForDeploymentPostprocessing = 0;
		};
		337C780A1E144F3E00F81CE8 /* Sources */ = {
			isa = PBXSourcesBuildPhase;
			buildActionMask = 2147483647;
			files = (
				337C78131E144F3E00F81CE8 /* Mirical_Pills_app_1UITests.swift in Sources */,
			);
			runOnlyForDeploymentPostprocessing = 0;
		};
/* End PBXSourcesBuildPhase section */

/* Begin PBXTargetDependency section */
		337C78051E144F3E00F81CE8 /* PBXTargetDependency */ = {
			isa = PBXTargetDependency;
			target = 337C77EE1E144F3D00F81CE8 /* Mirical Pills app#1 */;
			targetProxy = 337C78041E144F3E00F81CE8 /* PBXContainerItemProxy */;
		};
		337C78101E144F3E00F81CE8 /* PBXTargetDependency */ = {
			isa = PBXTargetDependency;
			target = 337C77EE1E144F3D00F81CE8 /* Mirical Pills app#1 */;
			targetProxy = 337C780F1E144F3E00F81CE8 /* PBXContainerItemProxy */;
		};
/* End PBXTargetDependency section */

/* Begin PBXVariantGroup section */
		337C77F61E144F3E00F81CE8 /* Main.storyboard */ = {
			isa = PBXVariantGroup;
			children = (
				337C77F71E144F3E00F81CE8 /* Base */,
			);
			name = Main.storyboard;
			sourceTree = "<group>";
		};
		337C77FB1E144F3E00F81CE8 /* LaunchScreen.storyboard */ = {
			isa = PBXVariantGroup;
			children = (
				337C77FC1E144F3E00F81CE8 /* Base */,
			);
			name = LaunchScreen.storyboard;
			sourceTree = "<group>";
		};
/* End PBXVariantGroup section */

/* Begin XCBuildConfiguration section */
		337C78151E144F3E00F81CE8 /* Debug */ = {
			isa = XCBuildConfiguration;
			buildSettings = {
				ALWAYS_SEARCH_USER_PATHS = NO;
				CLANG_ANALYZER_NONNULL = YES;
				CLANG_CXX_LANGUAGE_STANDARD = "gnu++0x";
				CLANG_CXX_LIBRARY = "libc++";
				CLANG_ENABLE_MODULES = YES;
				CLANG_ENABLE_OBJC_ARC = YES;
				CLANG_WARN_BOOL_CONVERSION = YES;
				CLANG_WARN_CONSTANT_CONVERSION = YES;
				CLANG_WARN_DIRECT_OBJC_ISA_USAGE = YES_ERROR;
				CLANG_WARN_DOCUMENTATION_COMMENTS = YES;
				CLANG_WARN_EMPTY_BODY = YES;
				CLANG_WARN_ENUM_CONVERSION = YES;
				CLANG_WARN_INFINITE_RECURSION = YES;
				CLANG_WARN_INT_CONVERSION = YES;
				CLANG_WARN_OBJC_ROOT_CLASS = YES_ERROR;
				CLANG_WARN_SUSPICIOUS_MOVE = YES;
				CLANG_WARN_UNREACHABLE_CODE = YES;
				CLANG_WARN__DUPLICATE_METHOD_MATCH = YES;
				"CODE_SIGN_IDENTITY[sdk=iphoneos*]" = "iPhone Developer";
				COPY_PHASE_STRIP = NO;
				DEBUG_INFORMATION_FORMAT = dwarf;
				ENABLE_STRICT_OBJC_MSGSEND = YES;
				ENABLE_TESTABILITY = YES;
				GCC_C_LANGUAGE_STANDARD = gnu99;
				GCC_DYNAMIC_NO_PIC = NO;
				GCC_NO_COMMON_BLOCKS = YES;
				GCC_OPTIMIZATION_LEVEL = 0;
				GCC_PREPROCESSOR_DEFINITIONS = (
					"DEBUG=1",
					"$(inherited)",
				);
				GCC_WARN_64_TO_32_BIT_CONVERSION = YES;
				GCC_WARN_ABOUT_RETURN_TYPE = YES_ERROR;
				GCC_WARN_UNDECLARED_SELECTOR = YES;
				GCC_WARN_UNINITIALIZED_AUTOS = YES_AGGRESSIVE;
				GCC_WARN_UNUSED_FUNCTION = YES;
				GCC_WARN_UNUSED_VARIABLE = YES;
				IPHONEOS_DEPLOYMENT_TARGET = 10.2;
				MTL_ENABLE_DEBUG_INFO = YES;
				ONLY_ACTIVE_ARCH = YES;
				SDKROOT = iphoneos;
				SWIFT_ACTIVE_COMPILATION_CONDITIONS = DEBUG;
				SWIFT_OPTIMIZATION_LEVEL = "-Onone";
				TARGETED_DEVICE_FAMILY = "1,2";
			};
			name = Debug;
		};
		337C78161E144F3E00F81CE8 /* Release */ = {
			isa = XCBuildConfiguration;
			buildSettings = {
				ALWAYS_SEARCH_USER_PATHS = NO;
				CLANG_ANALYZER_NONNULL = YES;
				CLANG_CXX_LANGUAGE_STANDARD = "gnu++0x";
				CLANG_CXX_LIBRARY = "libc++";
				CLANG_ENABLE_MODULES = YES;
				CLANG_ENABLE_OBJC_ARC = YES;
				CLANG_WARN_BOOL_CONVERSION = YES;
				CLANG_WARN_CONSTANT_CONVERSION = YES;
				CLANG_WARN_DIRECT_OBJC_ISA_USAGE = YES_ERROR;
				CLANG_WARN_DOCUMENTATION_COMMENTS = YES;
				CLANG_WARN_EMPTY_BODY = YES;
				CLANG_WARN_ENUM_CONVERSION = YES;
				CLANG_WARN_INFINITE_RECURSION = YES;
				CLANG_WARN_INT_CONVERSION = YES;
				CLANG_WARN_OBJC_ROOT_CLASS = YES_ERROR;
				CLANG_WARN_SUSPICIOUS_MOVE = YES;
				CLANG_WARN_UNREACHABLE_CODE = YES;
				CLANG_WARN__DUPLICATE_METHOD_MATCH = YES;
				"CODE_SIGN_IDENTITY[sdk=iphoneos*]" = "iPhone Developer";
				COPY_PHASE_STRIP = NO;
				DEBUG_INFORMATION_FORMAT = "dwarf-with-dsym";
				ENABLE_NS_ASSERTIONS = NO;
				ENABLE_STRICT_OBJC_MSGSEND = YES;
				GCC_C_LANGUAGE_STANDARD = gnu99;
				GCC_NO_COMMON_BLOCKS = YES;
				GCC_WARN_64_TO_32_BIT_CONVERSION = YES;
				GCC_WARN_ABOUT_RETURN_TYPE = YES_ERROR;
				GCC_WARN_UNDECLARED_SELECTOR = YES;
				GCC_WARN_UNINITIALIZED_AUTOS = YES_AGGRESSIVE;
				GCC_WARN_UNUSED_FUNCTION = YES;
				GCC_WARN_UNUSED_VARIABLE = YES;
				IPHONEOS_DEPLOYMENT_TARGET = 10.2;
				MTL_ENABLE_DEBUG_INFO = NO;
				SDKROOT = iphoneos;
				SWIFT_OPTIMIZATION_LEVEL = "-Owholemodule";
				TARGETED_DEVICE_FAMILY = "1,2";
				VALIDATE_PRODUCT = YES;
			};
			name = Release;
		};
		337C78181E144F3E00F81CE8 /* Debug */ = {
			isa = XCBuildConfiguration;
			buildSettings = {
				ASSETCATALOG_COMPILER_APPICON_NAME = AppIcon;
				DEVELOPMENT_TEAM = KJ249GSBHK;
				INFOPLIST_FILE = "Mirical Pills app#1/Info.plist";
				LD_RUNPATH_SEARCH_PATHS = "$(inherited) @executable_path/Frameworks";
				PRODUCT_BUNDLE_IDENTIFIER = "com.mimicom24.Mirical-Pills-app-1";
				PRODUCT_NAME = "$(TARGET_NAME)";
				SWIFT_VERSION = 3.0;
			};
			name = Debug;
		};
		337C78191E144F3E00F81CE8 /* Release */ = {
			isa = XCBuildConfiguration;
			buildSettings = {
				ASSETCATALOG_COMPILER_APPICON_NAME = AppIcon;
				DEVELOPMENT_TEAM = KJ249GSBHK;
				INFOPLIST_FILE = "Mirical Pills app#1/Info.plist";
				LD_RUNPATH_SEARCH_PATHS = "$(inherited) @executable_path/Frameworks";
				PRODUCT_BUNDLE_IDENTIFIER = "com.mimicom24.Mirical-Pills-app-1";
				PRODUCT_NAME = "$(TARGET_NAME)";
				SWIFT_VERSION = 3.0;
			};
			name = Release;
		};
		337C781B1E144F3E00F81CE8 /* Debug */ = {
			isa = XCBuildConfiguration;
			buildSettings = {
				ALWAYS_EMBED_SWIFT_STANDARD_LIBRARIES = YES;
				BUNDLE_LOADER = "$(TEST_HOST)";
				DEVELOPMENT_TEAM = KJ249GSBHK;
				INFOPLIST_FILE = "Mirical Pills app#1Tests/Info.plist";
				LD_RUNPATH_SEARCH_PATHS = "$(inherited) @executable_path/Frameworks @loader_path/Frameworks";
				PRODUCT_BUNDLE_IDENTIFIER = "com.mimicom24.Mirical-Pills-app-1Tests";
				PRODUCT_NAME = "$(TARGET_NAME)";
				SWIFT_VERSION = 3.0;
				TEST_HOST = "$(BUILT_PRODUCTS_DIR)/Mirical Pills app#1.app/Mirical Pills app#1";
			};
			name = Debug;
		};
		337C781C1E144F3E00F81CE8 /* Release */ = {
			isa = XCBuildConfiguration;
			buildSettings = {
				ALWAYS_EMBED_SWIFT_STANDARD_LIBRARIES = YES;
				BUNDLE_LOADER = "$(TEST_HOST)";
				DEVELOPMENT_TEAM = KJ249GSBHK;
				INFOPLIST_FILE = "Mirical Pills app#1Tests/Info.plist";
				LD_RUNPATH_SEARCH_PATHS = "$(inherited) @executable_path/Frameworks @loader_path/Frameworks";
				PRODUCT_BUNDLE_IDENTIFIER = "com.mimicom24.Mirical-Pills-app-1Tests";
				PRODUCT_NAME = "$(TARGET_NAME)";
				SWIFT_VERSION = 3.0;
				TEST_HOST = "$(BUILT_PRODUCTS_DIR)/Mirical Pills app#1.app/Mirical Pills app#1";
			};
			name = Release;
		};
		337C781E1E144F3E00F81CE8 /* Debug */ = {
			isa = XCBuildConfiguration;
			buildSettings = {
				ALWAYS_EMBED_SWIFT_STANDARD_LIBRARIES = YES;
				DEVELOPMENT_TEAM = KJ249GSBHK;
				INFOPLIST_FILE = "Mirical Pills app#1UITests/Info.plist";
				LD_RUNPATH_SEARCH_PATHS = "$(inherited) @executable_path/Frameworks @loader_path/Frameworks";
				PRODUCT_BUNDLE_IDENTIFIER = "com.mimicom24.Mirical-Pills-app-1UITests";
				PRODUCT_NAME = "$(TARGET_NAME)";
				SWIFT_VERSION = 3.0;
				TEST_TARGET_NAME = "Mirical Pills app#1";
			};
			name = Debug;
		};
		337C781F1E144F3E00F81CE8 /* Release */ = {
			isa = XCBuildConfiguration;
			buildSettings = {
				ALWAYS_EMBED_SWIFT_STANDARD_LIBRARIES = YES;
				DEVELOPMENT_TEAM = KJ249GSBHK;
				INFOPLIST_FILE = "Mirical Pills app#1UITests/Info.plist";
				LD_RUNPATH_SEARCH_PATHS = "$(inherited) @executable_path/Frameworks @loader_path/Frameworks";
				PRODUCT_BUNDLE_IDENTIFIER = "com.mimicom24.Mirical-Pills-app-1UITests";
				PRODUCT_NAME = "$(TARGET_NAME)";
				SWIFT_VERSION = 3.0;
				TEST_TARGET_NAME = "Mirical Pills app#1";
			};
			name = Release;
		};
/* End XCBuildConfiguration section */

/* Begin XCConfigurationList section */
		337C77EA1E144F3D00F81CE8 /* Build configuration list for PBXProject "Mirical Pills app#1" */ = {
			isa = XCConfigurationList;
			buildConfigurations = (
				337C78151E144F3E00F81CE8 /* Debug */,
				337C78161E144F3E00F81CE8 /* Release */,
			);
			defaultConfigurationIsVisible = 0;
			defaultConfigurationName = Release;
		};
		337C78171E144F3E00F81CE8 /* Build configuration list for PBXNativeTarget "Mirical Pills app#1" */ = {
			isa = XCConfigurationList;
			buildConfigurations = (
				337C78181E144F3E00F81CE8 /* Debug */,
				337C78191E144F3E00F81CE8 /* Release */,
			);
			defaultConfigurationIsVisible = 0;
			defaultConfigurationName = Release;
		};
		337C781A1E144F3E00F81CE8 /* Build configuration list for PBXNativeTarget "Mirical Pills app#1Tests" */ = {
			isa = XCConfigurationList;
			buildConfigurations = (
				337C781B1E144F3E00F81CE8 /* Debug */,
				337C781C1E144F3E00F81CE8 /* Release */,
			);
			defaultConfigurationIsVisible = 0;
			defaultConfigurationName = Release;
		};
		337C781D1E144F3E00F81CE8 /* Build configuration list for PBXNativeTarget "Mirical Pills app#1UITests" */ = {
			isa = XCConfigurationList;
			buildConfigurations = (
				337C781E1E144F3E00F81CE8 /* Debug */,
				337C781F1E144F3E00F81CE8 /* Release */,
			);
			defaultConfigurationIsVisible = 0;
			defaultConfigurationName = Release;
		};
/* End XCConfigurationList section */
	};
	rootObject = 337C77E71E144F3D00F81CE8 /* Project object */;
}
